// !$*UTF8*$!
{
	archiveVersion = 1;
	classes = {
	};
	objectVersion = 56;
	objects = {

/* Begin PBXBuildFile section */
		0A9D1A942C048316000CB4DB /* LandmaksApp.swift in Sources */ = {isa = PBXBuildFile; fileRef = 0A9D1A932C048316000CB4DB /* LandmaksApp.swift */; };
		0A9D1A962C048316000CB4DB /* LandmarksScreen.swift in Sources */ = {isa = PBXBuildFile; fileRef = 0A9D1A952C048316000CB4DB /* LandmarksScreen.swift */; };
		0A9D1A982C048317000CB4DB /* Assets.xcassets in Resources */ = {isa = PBXBuildFile; fileRef = 0A9D1A972C048317000CB4DB /* Assets.xcassets */; };
		0A9D1A9B2C048317000CB4DB /* Preview Assets.xcassets in Resources */ = {isa = PBXBuildFile; fileRef = 0A9D1A9A2C048317000CB4DB /* Preview Assets.xcassets */; };
		0A9D1AA72C048396000CB4DB /* landmarkData.json in Resources */ = {isa = PBXBuildFile; fileRef = 0A9D1AA62C048396000CB4DB /* landmarkData.json */; };
		0A9D1AA92C0483E3000CB4DB /* LandmaksResponse.swift in Sources */ = {isa = PBXBuildFile; fileRef = 0A9D1AA82C0483E3000CB4DB /* LandmaksResponse.swift */; };
		0A9D1AAB2C048452000CB4DB /* LandmaksViewModel.swift in Sources */ = {isa = PBXBuildFile; fileRef = 0A9D1AAA2C048452000CB4DB /* LandmaksViewModel.swift */; };
		0A9D1AAD2C048FC5000CB4DB /* LandmarksRepository.swift in Sources */ = {isa = PBXBuildFile; fileRef = 0A9D1AAC2C048FC5000CB4DB /* LandmarksRepository.swift */; };
		0A9D1AC02C049B24000CB4DB /* LandmarksScreenTests.swift in Sources */ = {isa = PBXBuildFile; fileRef = 0A9D1ABF2C049B24000CB4DB /* LandmarksScreenTests.swift */; };
/* End PBXBuildFile section */

/* Begin PBXContainerItemProxy section */
		0A9D1ABA2C049A94000CB4DB /* PBXContainerItemProxy */ = {
			isa = PBXContainerItemProxy;
			containerPortal = 0A9D1A882C048316000CB4DB /* Project object */;
			proxyType = 1;
			remoteGlobalIDString = 0A9D1A8F2C048316000CB4DB;
			remoteInfo = Landmaks;
		};
/* End PBXContainerItemProxy section */

/* Begin PBXFileReference section */
		0A9D1A902C048316000CB4DB /* Landmaks.app */ = {isa = PBXFileReference; explicitFileType = wrapper.application; includeInIndex = 0; path = Landmaks.app; sourceTree = BUILT_PRODUCTS_DIR; };
		0A9D1A932C048316000CB4DB /* LandmaksApp.swift */ = {isa = PBXFileReference; lastKnownFileType = sourcecode.swift; path = LandmaksApp.swift; sourceTree = "<group>"; };
		0A9D1A952C048316000CB4DB /* LandmarksScreen.swift */ = {isa = PBXFileReference; lastKnownFileType = sourcecode.swift; path = LandmarksScreen.swift; sourceTree = "<group>"; };
		0A9D1A972C048317000CB4DB /* Assets.xcassets */ = {isa = PBXFileReference; lastKnownFileType = folder.assetcatalog; path = Assets.xcassets; sourceTree = "<group>"; };
		0A9D1A9A2C048317000CB4DB /* Preview Assets.xcassets */ = {isa = PBXFileReference; lastKnownFileType = folder.assetcatalog; path = "Preview Assets.xcassets"; sourceTree = "<group>"; };
		0A9D1AA62C048396000CB4DB /* landmarkData.json */ = {isa = PBXFileReference; fileEncoding = 4; lastKnownFileType = text.json; path = landmarkData.json; sourceTree = "<group>"; };
		0A9D1AA82C0483E3000CB4DB /* LandmaksResponse.swift */ = {isa = PBXFileReference; lastKnownFileType = sourcecode.swift; path = LandmaksResponse.swift; sourceTree = "<group>"; };
		0A9D1AAA2C048452000CB4DB /* LandmaksViewModel.swift */ = {isa = PBXFileReference; lastKnownFileType = sourcecode.swift; path = LandmaksViewModel.swift; sourceTree = "<group>"; };
		0A9D1AAC2C048FC5000CB4DB /* LandmarksRepository.swift */ = {isa = PBXFileReference; lastKnownFileType = sourcecode.swift; path = LandmarksRepository.swift; sourceTree = "<group>"; };
		0A9D1AB42C049A94000CB4DB /* LandmaksUITests.xctest */ = {isa = PBXFileReference; explicitFileType = wrapper.cfbundle; includeInIndex = 0; path = LandmaksUITests.xctest; sourceTree = BUILT_PRODUCTS_DIR; };
		0A9D1ABF2C049B24000CB4DB /* LandmarksScreenTests.swift */ = {isa = PBXFileReference; lastKnownFileType = sourcecode.swift; path = LandmarksScreenTests.swift; sourceTree = "<group>"; };
/* End PBXFileReference section */

/* Begin PBXFrameworksBuildPhase section */
		0A9D1A8D2C048316000CB4DB /* Frameworks */ = {
			isa = PBXFrameworksBuildPhase;
			buildActionMask = 2147483647;
			files = (
			);
			runOnlyForDeploymentPostprocessing = 0;
		};
		0A9D1AB12C049A94000CB4DB /* Frameworks */ = {
			isa = PBXFrameworksBuildPhase;
			buildActionMask = 2147483647;
			files = (
			);
			runOnlyForDeploymentPostprocessing = 0;
		};
/* End PBXFrameworksBuildPhase section */

/* Begin PBXGroup section */
		0A9D1A872C048316000CB4DB = {
			isa = PBXGroup;
			children = (
				0A9D1A922C048316000CB4DB /* Landmaks */,
				0A9D1AB52C049A94000CB4DB /* LandmaksUITests */,
				0A9D1A912C048316000CB4DB /* Products */,
			);
			sourceTree = "<group>";
		};
		0A9D1A912C048316000CB4DB /* Products */ = {
			isa = PBXGroup;
			children = (
				0A9D1A902C048316000CB4DB /* Landmaks.app */,
				0A9D1AB42C049A94000CB4DB /* LandmaksUITests.xctest */,
			);
			name = Products;
			sourceTree = "<group>";
		};
		0A9D1A922C048316000CB4DB /* Landmaks */ = {
			isa = PBXGroup;
			children = (
				0A9D1AA42C04836C000CB4DB /* Common */,
				0A9D1AA32C04833C000CB4DB /* ViewModels */,
				0A9D1AA22C04832E000CB4DB /* Models */,
				0A9D1AA12C048327000CB4DB /* Views */,
				0A9D1A932C048316000CB4DB /* LandmaksApp.swift */,
				0A9D1A992C048317000CB4DB /* Preview Content */,
			);
			path = Landmaks;
			sourceTree = "<group>";
		};
		0A9D1A992C048317000CB4DB /* Preview Content */ = {
			isa = PBXGroup;
			children = (
				0A9D1A9A2C048317000CB4DB /* Preview Assets.xcassets */,
			);
			path = "Preview Content";
			sourceTree = "<group>";
		};
		0A9D1AA12C048327000CB4DB /* Views */ = {
			isa = PBXGroup;
			children = (
				0A9D1A952C048316000CB4DB /* LandmarksScreen.swift */,
			);
			path = Views;
			sourceTree = "<group>";
		};
		0A9D1AA22C04832E000CB4DB /* Models */ = {
			isa = PBXGroup;
			children = (
				0A9D1AA82C0483E3000CB4DB /* LandmaksResponse.swift */,
			);
			path = Models;
			sourceTree = "<group>";
		};
		0A9D1AA32C04833C000CB4DB /* ViewModels */ = {
			isa = PBXGroup;
			children = (
				0A9D1AAC2C048FC5000CB4DB /* LandmarksRepository.swift */,
				0A9D1AAA2C048452000CB4DB /* LandmaksViewModel.swift */,
			);
			path = ViewModels;
			sourceTree = "<group>";
		};
		0A9D1AA42C04836C000CB4DB /* Common */ = {
			isa = PBXGroup;
			children = (
				0A9D1AA52C048378000CB4DB /* Resources */,
				0A9D1A972C048317000CB4DB /* Assets.xcassets */,
			);
			path = Common;
			sourceTree = "<group>";
		};
		0A9D1AA52C048378000CB4DB /* Resources */ = {
			isa = PBXGroup;
			children = (
				0A9D1AA62C048396000CB4DB /* landmarkData.json */,
			);
			path = Resources;
			sourceTree = "<group>";
		};
		0A9D1AB52C049A94000CB4DB /* LandmaksUITests */ = {
			isa = PBXGroup;
			children = (
				0A9D1ABF2C049B24000CB4DB /* LandmarksScreenTests.swift */,
			);
			path = LandmaksUITests;
			sourceTree = "<group>";
		};
/* End PBXGroup section */

/* Begin PBXNativeTarget section */
		0A9D1A8F2C048316000CB4DB /* Landmaks */ = {
			isa = PBXNativeTarget;
			buildConfigurationList = 0A9D1A9E2C048317000CB4DB /* Build configuration list for PBXNativeTarget "Landmaks" */;
			buildPhases = (
				0A9D1A8C2C048316000CB4DB /* Sources */,
				0A9D1A8D2C048316000CB4DB /* Frameworks */,
				0A9D1A8E2C048316000CB4DB /* Resources */,
			);
			buildRules = (
			);
			dependencies = (
			);
			name = Landmaks;
			productName = Landmaks;
			productReference = 0A9D1A902C048316000CB4DB /* Landmaks.app */;
			productType = "com.apple.product-type.application";
		};
		0A9D1AB32C049A94000CB4DB /* LandmaksUITests */ = {
			isa = PBXNativeTarget;
			buildConfigurationList = 0A9D1ABC2C049A94000CB4DB /* Build configuration list for PBXNativeTarget "LandmaksUITests" */;
			buildPhases = (
				0A9D1AB02C049A94000CB4DB /* Sources */,
				0A9D1AB12C049A94000CB4DB /* Frameworks */,
				0A9D1AB22C049A94000CB4DB /* Resources */,
			);
			buildRules = (
			);
			dependencies = (
				0A9D1ABB2C049A94000CB4DB /* PBXTargetDependency */,
			);
			name = LandmaksUITests;
			productName = LandmaksUITests;
			productReference = 0A9D1AB42C049A94000CB4DB /* LandmaksUITests.xctest */;
			productType = "com.apple.product-type.bundle.ui-testing";
		};
/* End PBXNativeTarget section */

/* Begin PBXProject section */
		0A9D1A882C048316000CB4DB /* Project object */ = {
			isa = PBXProject;
			attributes = {
				BuildIndependentTargetsInParallel = 1;
				LastSwiftUpdateCheck = 1540;
				LastUpgradeCheck = 1540;
				TargetAttributes = {
					0A9D1A8F2C048316000CB4DB = {
						CreatedOnToolsVersion = 15.4;
					};
					0A9D1AB32C049A94000CB4DB = {
						CreatedOnToolsVersion = 15.4;
						TestTargetID = 0A9D1A8F2C048316000CB4DB;
					};
				};
			};
			buildConfigurationList = 0A9D1A8B2C048316000CB4DB /* Build configuration list for PBXProject "Landmaks" */;
			compatibilityVersion = "Xcode 14.0";
			developmentRegion = en;
			hasScannedForEncodings = 0;
			knownRegions = (
				en,
				Base,
			);
			mainGroup = 0A9D1A872C048316000CB4DB;
			productRefGroup = 0A9D1A912C048316000CB4DB /* Products */;
			projectDirPath = "";
			projectRoot = "";
			targets = (
				0A9D1A8F2C048316000CB4DB /* Landmaks */,
				0A9D1AB32C049A94000CB4DB /* LandmaksUITests */,
			);
		};
/* End PBXProject section */

/* Begin PBXResourcesBuildPhase section */
		0A9D1A8E2C048316000CB4DB /* Resources */ = {
			isa = PBXResourcesBuildPhase;
			buildActionMask = 2147483647;
			files = (
				0A9D1A9B2C048317000CB4DB /* Preview Assets.xcassets in Resources */,
				0A9D1A982C048317000CB4DB /* Assets.xcassets in Resources */,
				0A9D1AA72C048396000CB4DB /* landmarkData.json in Resources */,
			);
			runOnlyForDeploymentPostprocessing = 0;
		};
		0A9D1AB22C049A94000CB4DB /* Resources */ = {
			isa = PBXResourcesBuildPhase;
			buildActionMask = 2147483647;
			files = (
			);
			runOnlyForDeploymentPostprocessing = 0;
		};
/* End PBXResourcesBuildPhase section */

/* Begin PBXSourcesBuildPhase section */
		0A9D1A8C2C048316000CB4DB /* Sources */ = {
			isa = PBXSourcesBuildPhase;
			buildActionMask = 2147483647;
			files = (
				0A9D1A962C048316000CB4DB /* LandmarksScreen.swift in Sources */,
				0A9D1AAB2C048452000CB4DB /* LandmaksViewModel.swift in Sources */,
				0A9D1A942C048316000CB4DB /* LandmaksApp.swift in Sources */,
				0A9D1AA92C0483E3000CB4DB /* LandmaksResponse.swift in Sources */,
				0A9D1AAD2C048FC5000CB4DB /* LandmarksRepository.swift in Sources */,
			);
			runOnlyForDeploymentPostprocessing = 0;
		};
		0A9D1AB02C049A94000CB4DB /* Sources */ = {
			isa = PBXSourcesBuildPhase;
			buildActionMask = 2147483647;
			files = (
				0A9D1AC02C049B24000CB4DB /* LandmarksScreenTests.swift in Sources */,
			);
			runOnlyForDeploymentPostprocessing = 0;
		};
/* End PBXSourcesBuildPhase section */

/* Begin PBXTargetDependency section */
		0A9D1ABB2C049A94000CB4DB /* PBXTargetDependency */ = {
			isa = PBXTargetDependency;
			target = 0A9D1A8F2C048316000CB4DB /* Landmaks */;
			targetProxy = 0A9D1ABA2C049A94000CB4DB /* PBXContainerItemProxy */;
		};
/* End PBXTargetDependency section */

/* Begin XCBuildConfiguration section */
		0A9D1A9C2C048317000CB4DB /* Debug */ = {
			isa = XCBuildConfiguration;
			buildSettings = {
				ALWAYS_SEARCH_USER_PATHS = NO;
				ASSETCATALOG_COMPILER_GENERATE_SWIFT_ASSET_SYMBOL_EXTENSIONS = YES;
				CLANG_ANALYZER_NONNULL = YES;
				CLANG_ANALYZER_NUMBER_OBJECT_CONVERSION = YES_AGGRESSIVE;
				CLANG_CXX_LANGUAGE_STANDARD = "gnu++20";
				CLANG_ENABLE_MODULES = YES;
				CLANG_ENABLE_OBJC_ARC = YES;
				CLANG_ENABLE_OBJC_WEAK = YES;
				CLANG_WARN_BLOCK_CAPTURE_AUTORELEASING = YES;
				CLANG_WARN_BOOL_CONVERSION = YES;
				CLANG_WARN_COMMA = YES;
				CLANG_WARN_CONSTANT_CONVERSION = YES;
				CLANG_WARN_DEPRECATED_OBJC_IMPLEMENTATIONS = YES;
				CLANG_WARN_DIRECT_OBJC_ISA_USAGE = YES_ERROR;
				CLANG_WARN_DOCUMENTATION_COMMENTS = YES;
				CLANG_WARN_EMPTY_BODY = YES;
				CLANG_WARN_ENUM_CONVERSION = YES;
				CLANG_WARN_INFINITE_RECURSION = YES;
				CLANG_WARN_INT_CONVERSION = YES;
				CLANG_WARN_NON_LITERAL_NULL_CONVERSION = YES;
				CLANG_WARN_OBJC_IMPLICIT_RETAIN_SELF = YES;
				CLANG_WARN_OBJC_LITERAL_CONVERSION = YES;
				CLANG_WARN_OBJC_ROOT_CLASS = YES_ERROR;
				CLANG_WARN_QUOTED_INCLUDE_IN_FRAMEWORK_HEADER = YES;
				CLANG_WARN_RANGE_LOOP_ANALYSIS = YES;
				CLANG_WARN_STRICT_PROTOTYPES = YES;
				CLANG_WARN_SUSPICIOUS_MOVE = YES;
				CLANG_WARN_UNGUARDED_AVAILABILITY = YES_AGGRESSIVE;
				CLANG_WARN_UNREACHABLE_CODE = YES;
				CLANG_WARN__DUPLICATE_METHOD_MATCH = YES;
				COPY_PHASE_STRIP = NO;
				DEBUG_INFORMATION_FORMAT = dwarf;
				ENABLE_STRICT_OBJC_MSGSEND = YES;
				ENABLE_TESTABILITY = YES;
				ENABLE_USER_SCRIPT_SANDBOXING = YES;
				GCC_C_LANGUAGE_STANDARD = gnu17;
				GCC_DYNAMIC_NO_PIC = NO;
				GCC_NO_COMMON_BLOCKS = YES;
				GCC_OPTIMIZATION_LEVEL = 0;
				GCC_PREPROCESSOR_DEFINITIONS = (
					"DEBUG=1",
					"$(inherited)",
				);
				GCC_WARN_64_TO_32_BIT_CONVERSION = YES;
				GCC_WARN_ABOUT_RETURN_TYPE = YES_ERROR;
				GCC_WARN_UNDECLARED_SELECTOR = YES;
				GCC_WARN_UNINITIALIZED_AUTOS = YES_AGGRESSIVE;
				GCC_WARN_UNUSED_FUNCTION = YES;
				GCC_WARN_UNUSED_VARIABLE = YES;
				IPHONEOS_DEPLOYMENT_TARGET = 17.5;
				LOCALIZATION_PREFERS_STRING_CATALOGS = YES;
				MTL_ENABLE_DEBUG_INFO = INCLUDE_SOURCE;
				MTL_FAST_MATH = YES;
				ONLY_ACTIVE_ARCH = YES;
				SDKROOT = iphoneos;
				SWIFT_ACTIVE_COMPILATION_CONDITIONS = "DEBUG $(inherited)";
				SWIFT_OPTIMIZATION_LEVEL = "-Onone";
			};
			name = Debug;
		};
		0A9D1A9D2C048317000CB4DB /* Release */ = {
			isa = XCBuildConfiguration;
			buildSettings = {
				ALWAYS_SEARCH_USER_PATHS = NO;
				ASSETCATALOG_COMPILER_GENERATE_SWIFT_ASSET_SYMBOL_EXTENSIONS = YES;
				CLANG_ANALYZER_NONNULL = YES;
				CLANG_ANALYZER_NUMBER_OBJECT_CONVERSION = YES_AGGRESSIVE;
				CLANG_CXX_LANGUAGE_STANDARD = "gnu++20";
				CLANG_ENABLE_MODULES = YES;
				CLANG_ENABLE_OBJC_ARC = YES;
				CLANG_ENABLE_OBJC_WEAK = YES;
				CLANG_WARN_BLOCK_CAPTURE_AUTORELEASING = YES;
				CLANG_WARN_BOOL_CONVERSION = YES;
				CLANG_WARN_COMMA = YES;
				CLANG_WARN_CONSTANT_CONVERSION = YES;
				CLANG_WARN_DEPRECATED_OBJC_IMPLEMENTATIONS = YES;
				CLANG_WARN_DIRECT_OBJC_ISA_USAGE = YES_ERROR;
				CLANG_WARN_DOCUMENTATION_COMMENTS = YES;
				CLANG_WARN_EMPTY_BODY = YES;
				CLANG_WARN_ENUM_CONVERSION = YES;
				CLANG_WARN_INFINITE_RECURSION = YES;
				CLANG_WARN_INT_CONVERSION = YES;
				CLANG_WARN_NON_LITERAL_NULL_CONVERSION = YES;
				CLANG_WARN_OBJC_IMPLICIT_RETAIN_SELF = YES;
				CLANG_WARN_OBJC_LITERAL_CONVERSION = YES;
				CLANG_WARN_OBJC_ROOT_CLASS = YES_ERROR;
				CLANG_WARN_QUOTED_INCLUDE_IN_FRAMEWORK_HEADER = YES;
				CLANG_WARN_RANGE_LOOP_ANALYSIS = YES;
				CLANG_WARN_STRICT_PROTOTYPES = YES;
				CLANG_WARN_SUSPICIOUS_MOVE = YES;
				CLANG_WARN_UNGUARDED_AVAILABILITY = YES_AGGRESSIVE;
				CLANG_WARN_UNREACHABLE_CODE = YES;
				CLANG_WARN__DUPLICATE_METHOD_MATCH = YES;
				COPY_PHASE_STRIP = NO;
				DEBUG_INFORMATION_FORMAT = "dwarf-with-dsym";
				ENABLE_NS_ASSERTIONS = NO;
				ENABLE_STRICT_OBJC_MSGSEND = YES;
				ENABLE_USER_SCRIPT_SANDBOXING = YES;
				GCC_C_LANGUAGE_STANDARD = gnu17;
				GCC_NO_COMMON_BLOCKS = YES;
				GCC_WARN_64_TO_32_BIT_CONVERSION = YES;
				GCC_WARN_ABOUT_RETURN_TYPE = YES_ERROR;
				GCC_WARN_UNDECLARED_SELECTOR = YES;
				GCC_WARN_UNINITIALIZED_AUTOS = YES_AGGRESSIVE;
				GCC_WARN_UNUSED_FUNCTION = YES;
				GCC_WARN_UNUSED_VARIABLE = YES;
				IPHONEOS_DEPLOYMENT_TARGET = 17.5;
				LOCALIZATION_PREFERS_STRING_CATALOGS = YES;
				MTL_ENABLE_DEBUG_INFO = NO;
				MTL_FAST_MATH = YES;
				SDKROOT = iphoneos;
				SWIFT_COMPILATION_MODE = wholemodule;
				VALIDATE_PRODUCT = YES;
			};
			name = Release;
		};
		0A9D1A9F2C048317000CB4DB /* Debug */ = {
			isa = XCBuildConfiguration;
			buildSettings = {
				ASSETCATALOG_COMPILER_APPICON_NAME = AppIcon;
				ASSETCATALOG_COMPILER_GLOBAL_ACCENT_COLOR_NAME = AccentColor;
				CODE_SIGN_STYLE = Automatic;
				CURRENT_PROJECT_VERSION = 1;
				DEVELOPMENT_ASSET_PATHS = "\"Landmaks/Preview Content\"";
				ENABLE_PREVIEWS = YES;
				GENERATE_INFOPLIST_FILE = YES;
				INFOPLIST_KEY_UIApplicationSceneManifest_Generation = YES;
				INFOPLIST_KEY_UIApplicationSupportsIndirectInputEvents = YES;
				INFOPLIST_KEY_UILaunchScreen_Generation = YES;
				INFOPLIST_KEY_UISupportedInterfaceOrientations_iPad = "UIInterfaceOrientationPortrait UIInterfaceOrientationPortraitUpsideDown UIInterfaceOrientationLandscapeLeft UIInterfaceOrientationLandscapeRight";
				INFOPLIST_KEY_UISupportedInterfaceOrientations_iPhone = "UIInterfaceOrientationPortrait UIInterfaceOrientationLandscapeLeft UIInterfaceOrientationLandscapeRight";
				LD_RUNPATH_SEARCH_PATHS = (
					"$(inherited)",
					"@executable_path/Frameworks",
				);
				MARKETING_VERSION = 1.0;
				PRODUCT_BUNDLE_IDENTIFIER = contest.vjudge.Landmaks;
				PRODUCT_NAME = "$(TARGET_NAME)";
				SWIFT_EMIT_LOC_STRINGS = YES;
				SWIFT_VERSION = 5.0;
				TARGETED_DEVICE_FAMILY = "1,2";
			};
			name = Debug;
		};
		0A9D1AA02C048317000CB4DB /* Release */ = {
			isa = XCBuildConfiguration;
			buildSettings = {
				ASSETCATALOG_COMPILER_APPICON_NAME = AppIcon;
				ASSETCATALOG_COMPILER_GLOBAL_ACCENT_COLOR_NAME = AccentColor;
				CODE_SIGN_STYLE = Automatic;
				CURRENT_PROJECT_VERSION = 1;
				DEVELOPMENT_ASSET_PATHS = "\"Landmaks/Preview Content\"";
				ENABLE_PREVIEWS = YES;
				GENERATE_INFOPLIST_FILE = YES;
				INFOPLIST_KEY_UIApplicationSceneManifest_Generation = YES;
				INFOPLIST_KEY_UIApplicationSupportsIndirectInputEvents = YES;
				INFOPLIST_KEY_UILaunchScreen_Generation = YES;
				INFOPLIST_KEY_UISupportedInterfaceOrientations_iPad = "UIInterfaceOrientationPortrait UIInterfaceOrientationPortraitUpsideDown UIInterfaceOrientationLandscapeLeft UIInterfaceOrientationLandscapeRight";
				INFOPLIST_KEY_UISupportedInterfaceOrientations_iPhone = "UIInterfaceOrientationPortrait UIInterfaceOrientationLandscapeLeft UIInterfaceOrientationLandscapeRight";
				LD_RUNPATH_SEARCH_PATHS = (
					"$(inherited)",
					"@executable_path/Frameworks",
				);
				MARKETING_VERSION = 1.0;
				PRODUCT_BUNDLE_IDENTIFIER = contest.vjudge.Landmaks;
				PRODUCT_NAME = "$(TARGET_NAME)";
				SWIFT_EMIT_LOC_STRINGS = YES;
				SWIFT_VERSION = 5.0;
				TARGETED_DEVICE_FAMILY = "1,2";
			};
			name = Release;
		};
		0A9D1ABD2C049A94000CB4DB /* Debug */ = {
			isa = XCBuildConfiguration;
			buildSettings = {
				CODE_SIGN_STYLE = Automatic;
				CURRENT_PROJECT_VERSION = 1;
				GENERATE_INFOPLIST_FILE = YES;
				MARKETING_VERSION = 1.0;
				PRODUCT_BUNDLE_IDENTIFIER = contest.vjudge.LandmaksUITests;
				PRODUCT_NAME = "$(TARGET_NAME)";
				SWIFT_EMIT_LOC_STRINGS = NO;
				SWIFT_VERSION = 5.0;
				TARGETED_DEVICE_FAMILY = "1,2";
				TEST_TARGET_NAME = Landmaks;
			};
			name = Debug;
		};
		0A9D1ABE2C049A94000CB4DB /* Release */ = {
			isa = XCBuildConfiguration;
			buildSettings = {
				CODE_SIGN_STYLE = Automatic;
				CURRENT_PROJECT_VERSION = 1;
				GENERATE_INFOPLIST_FILE = YES;
				MARKETING_VERSION = 1.0;
				PRODUCT_BUNDLE_IDENTIFIER = contest.vjudge.LandmaksUITests;
				PRODUCT_NAME = "$(TARGET_NAME)";
				SWIFT_EMIT_LOC_STRINGS = NO;
				SWIFT_VERSION = 5.0;
				TARGETED_DEVICE_FAMILY = "1,2";
				TEST_TARGET_NAME = Landmaks;
			};
			name = Release;
		};
/* End XCBuildConfiguration section */

/* Begin XCConfigurationList section */
		0A9D1A8B2C048316000CB4DB /* Build configuration list for PBXProject "Landmaks" */ = {
			isa = XCConfigurationList;
			buildConfigurations = (
				0A9D1A9C2C048317000CB4DB /* Debug */,
				0A9D1A9D2C048317000CB4DB /* Release */,
			);
			defaultConfigurationIsVisible = 0;
			defaultConfigurationName = Release;
		};
		0A9D1A9E2C048317000CB4DB /* Build configuration list for PBXNativeTarget "Landmaks" */ = {
			isa = XCConfigurationList;
			buildConfigurations = (
				0A9D1A9F2C048317000CB4DB /* Debug */,
				0A9D1AA02C048317000CB4DB /* Release */,
			);
			defaultConfigurationIsVisible = 0;
			defaultConfigurationName = Release;
		};
		0A9D1ABC2C049A94000CB4DB /* Build configuration list for PBXNativeTarget "LandmaksUITests" */ = {
			isa = XCConfigurationList;
			buildConfigurations = (
				0A9D1ABD2C049A94000CB4DB /* Debug */,
				0A9D1ABE2C049A94000CB4DB /* Release */,
			);
			defaultConfigurationIsVisible = 0;
			defaultConfigurationName = Release;
		};
/* End XCConfigurationList section */
	};
	rootObject = 0A9D1A882C048316000CB4DB /* Project object */;
}
